
Microsoft Visual Studio Solution File, Format Version 11.00
# Visual Studio 2010
Project("{FAE04EC0-301F-11D3-BF4B-00C04F79EFBC}") = "Breadth-first traversal without recursion", "Breadth-first traversal without recursion\Breadth-first traversal without recursion.csproj", "{512FF2F6-58EC-44DB-B22F-2D5212A15370}"
EndProject
Global
	GlobalSection(SolutionConfigurationPlatforms) = preSolution
		Debug|x86 = Debug|x86
		Release|x86 = Release|x86
	EndGlobalSection
	GlobalSection(ProjectConfigurationPlatforms) = postSolution
		{512FF2F6-58EC-44DB-B22F-2D5212A15370}.Debug|x86.ActiveCfg = Debug|x86
		{512FF2F6-58EC-44DB-B22F-2D5212A15370}.Debug|x86.Build.0 = Debug|x86
		{512FF2F6-58EC-44DB-B22F-2D5212A15370}.Release|x86.ActiveCfg = Release|x86
		{512FF2F6-58EC-44DB-B22F-2D5212A15370}.Release|x86.Build.0 = Release|x86
	EndGlobalSection
	GlobalSection(SolutionProperties) = preSolution
		HideSolutionNode = FALSE
	EndGlobalSection
EndGlobal
